PODS:
  - Alamofire (4.8.2)
  - HandyJSON (5.0.0)
  - MJRefresh (3.2.0)
  - SDWebImage (4.4.6):
    - SDWebImage/Core (= 4.4.6)
  - SDWebImage/Core (4.4.6)
  - SQLiteRepairKit (1.2.2):
    - WCDBOptimizedSQLCipher (~> 1.2.0)
  - WCDB.swift (1.0.8.2):
    - SQLiteRepairKit (~> 1.2.0)
    - WCDBOptimizedSQLCipher (~> 1.2.0)
  - WCDBOptimizedSQLCipher (1.2.1)
  - ZYPictureViewer (1.0.3):
    - SDWebImage (~> 4.4.2)

DEPENDENCIES:
  - Alamofire
  - HandyJSON
  - MJRefresh
  - WCDB.swift
  - ZYPictureViewer (from `../`)

SPEC REPOS:
  https://github.com/cocoapods/specs.git:
    - Alamofire
    - HandyJSON
    - MJRefresh
    - SDWebImage
    - SQLiteRepairKit
    - WCDB.swift
    - WCDBOptimizedSQLCipher

EXTERNAL SOURCES:
  ZYPictureViewer:
    :path: "../"

SPEC CHECKSUMS:
  Alamofire: ae5c501addb7afdbb13687d7f2f722c78734c2d3
  HandyJSON: 992f2d661716d6a91de82d0056927bc7813b5770
  MJRefresh: ed450d6eb9d3346a2cb033ab7eb6de090aeef437
  SDWebImage: 3f3f0c02f09798048c47a5ed0a13f17b063572d8
  SQLiteRepairKit: 35aaae5a8838adb85f5b1eb4d796055be6060a4b
  WCDB.swift: 05d509d7a0e60fb6e11c34eb7e4027c0fab5849f
  WCDBOptimizedSQLCipher: baf44493b0c7a3d49e97bc5b64a3856f6428ddd1
  ZYPictureViewer: 36282598ab20debd0c0090e9a4ce6b2692d107bc

PODFILE CHECKSUM: a919d022254cc45cc15f5a4f64e6c2c66843fcf6

COCOAPODS: 1.6.0
