// !$*UTF8*$!
{
	archiveVersion = 1;
	classes = {
	};
	objectVersion = 50;
	objects = {

/* Begin PBXBuildFile section */
		F0163DA5217D7A21000F4E71 /* 8.jpg in Resources */ = {isa = PBXBuildFile; fileRef = F0163D90217D7A21000F4E71 /* 8.jpg */; };
		F0163DA6217D7A21000F4E71 /* 9.jpg in Resources */ = {isa = PBXBuildFile; fileRef = F0163D91217D7A21000F4E71 /* 9.jpg */; };
		F0163DA7217D7A21000F4E71 /* 14.jpg in Resources */ = {isa = PBXBuildFile; fileRef = F0163D92217D7A21000F4E71 /* 14.jpg */; };
		F0163DA8217D7A21000F4E71 /* 15.jpg in Resources */ = {isa = PBXBuildFile; fileRef = F0163D93217D7A21000F4E71 /* 15.jpg */; };
		F0163DA9217D7A21000F4E71 /* 17.jpg in Resources */ = {isa = PBXBuildFile; fileRef = F0163D94217D7A21000F4E71 /* 17.jpg */; };
		F0163DAA217D7A21000F4E71 /* 16.jpg in Resources */ = {isa = PBXBuildFile; fileRef = F0163D95217D7A21000F4E71 /* 16.jpg */; };
		F0163DAB217D7A21000F4E71 /* 12.jpg in Resources */ = {isa = PBXBuildFile; fileRef = F0163D96217D7A21000F4E71 /* 12.jpg */; };
		F0163DAC217D7A21000F4E71 /* 13.jpg in Resources */ = {isa = PBXBuildFile; fileRef = F0163D97217D7A21000F4E71 /* 13.jpg */; };
		F0163DAD217D7A21000F4E71 /* 11.jpg in Resources */ = {isa = PBXBuildFile; fileRef = F0163D98217D7A21000F4E71 /* 11.jpg */; };
		F0163DAE217D7A21000F4E71 /* 10.jpg in Resources */ = {isa = PBXBuildFile; fileRef = F0163D99217D7A21000F4E71 /* 10.jpg */; };
		F0163DAF217D7A21000F4E71 /* 21.jpg in Resources */ = {isa = PBXBuildFile; fileRef = F0163D9A217D7A21000F4E71 /* 21.jpg */; };
		F0163DB0217D7A21000F4E71 /* 20.jpg in Resources */ = {isa = PBXBuildFile; fileRef = F0163D9B217D7A21000F4E71 /* 20.jpg */; };
		F0163DB1217D7A21000F4E71 /* 18.jpg in Resources */ = {isa = PBXBuildFile; fileRef = F0163D9C217D7A21000F4E71 /* 18.jpg */; };
		F0163DB2217D7A21000F4E71 /* 19.jpg in Resources */ = {isa = PBXBuildFile; fileRef = F0163D9D217D7A21000F4E71 /* 19.jpg */; };
		F0163DB3217D7A21000F4E71 /* 4.jpg in Resources */ = {isa = PBXBuildFile; fileRef = F0163D9E217D7A21000F4E71 /* 4.jpg */; };
		F0163DB4217D7A21000F4E71 /* 5.jpg in Resources */ = {isa = PBXBuildFile; fileRef = F0163D9F217D7A21000F4E71 /* 5.jpg */; };
		F0163DB5217D7A21000F4E71 /* 7.jpg in Resources */ = {isa = PBXBuildFile; fileRef = F0163DA0217D7A21000F4E71 /* 7.jpg */; };
		F0163DB6217D7A21000F4E71 /* 6.jpg in Resources */ = {isa = PBXBuildFile; fileRef = F0163DA1217D7A21000F4E71 /* 6.jpg */; };
		F0163DB7217D7A21000F4E71 /* 2.jpg in Resources */ = {isa = PBXBuildFile; fileRef = F0163DA2217D7A21000F4E71 /* 2.jpg */; };
		F0163DB8217D7A21000F4E71 /* 3.jpg in Resources */ = {isa = PBXBuildFile; fileRef = F0163DA3217D7A21000F4E71 /* 3.jpg */; };
		F0163DB9217D7A21000F4E71 /* 1.jpg in Resources */ = {isa = PBXBuildFile; fileRef = F0163DA4217D7A21000F4E71 /* 1.jpg */; };
		F0163DC0217D7A70000F4E71 /* ZYPictureCell.xib in Resources */ = {isa = PBXBuildFile; fileRef = F0163DBB217D7A70000F4E71 /* ZYPictureCell.xib */; };
		F0163DC1217D7A70000F4E71 /* PictureRouter.swift in Sources */ = {isa = PBXBuildFile; fileRef = F0163DBC217D7A70000F4E71 /* PictureRouter.swift */; };
		F0163DC2217D7A70000F4E71 /* ZYLoadBigPictureViewController.swift in Sources */ = {isa = PBXBuildFile; fileRef = F0163DBD217D7A70000F4E71 /* ZYLoadBigPictureViewController.swift */; };
		F0163DC3217D7A70000F4E71 /* ZYPicture.swift in Sources */ = {isa = PBXBuildFile; fileRef = F0163DBE217D7A70000F4E71 /* ZYPicture.swift */; };
		F0163DC4217D7A70000F4E71 /* ZYPictureCell.swift in Sources */ = {isa = PBXBuildFile; fileRef = F0163DBF217D7A70000F4E71 /* ZYPictureCell.swift */; };
		F0163DC7217D7BAC000F4E71 /* LoadLocalPictureViewController.swift in Sources */ = {isa = PBXBuildFile; fileRef = F0163DC6217D7BAC000F4E71 /* LoadLocalPictureViewController.swift */; };
		F01C7F372174824300A86A91 /* ListCell.xib in Resources */ = {isa = PBXBuildFile; fileRef = F01C7F332174824300A86A91 /* ListCell.xib */; };
		F01C7F382174824300A86A91 /* ListCell.swift in Sources */ = {isa = PBXBuildFile; fileRef = F01C7F342174824300A86A91 /* ListCell.swift */; };
		F01C7F392174824300A86A91 /* ThumbPhotoCollectionView.swift in Sources */ = {isa = PBXBuildFile; fileRef = F01C7F352174824300A86A91 /* ThumbPhotoCollectionView.swift */; };
		F01C7F3A2174824300A86A91 /* ThumbPhotoCell.swift in Sources */ = {isa = PBXBuildFile; fileRef = F01C7F362174824300A86A91 /* ThumbPhotoCell.swift */; };
		F0F0035120EDF3FA00585D88 /* AppDelegate.swift in Sources */ = {isa = PBXBuildFile; fileRef = F0F0035020EDF3FA00585D88 /* AppDelegate.swift */; };
		F0F0035620EDF3FA00585D88 /* Main.storyboard in Resources */ = {isa = PBXBuildFile; fileRef = F0F0035420EDF3FA00585D88 /* Main.storyboard */; };
		F0F0035820EDF3FB00585D88 /* Assets.xcassets in Resources */ = {isa = PBXBuildFile; fileRef = F0F0035720EDF3FB00585D88 /* Assets.xcassets */; };
		F0F0035B20EDF3FB00585D88 /* LaunchScreen.storyboard in Resources */ = {isa = PBXBuildFile; fileRef = F0F0035920EDF3FB00585D88 /* LaunchScreen.storyboard */; };
		F0F0039820EDF66300585D88 /* ViewController.swift in Sources */ = {isa = PBXBuildFile; fileRef = F0F0039720EDF66300585D88 /* ViewController.swift */; };
		F772C9448B6E0C1B5BC53CD2 /* Pods_ZYPictureViewer_Example.framework in Frameworks */ = {isa = PBXBuildFile; fileRef = 386490CAFC8CC3D3BD40ADCA /* Pods_ZYPictureViewer_Example.framework */; };
/* End PBXBuildFile section */

/* Begin PBXFileReference section */
		386490CAFC8CC3D3BD40ADCA /* Pods_ZYPictureViewer_Example.framework */ = {isa = PBXFileReference; explicitFileType = wrapper.framework; includeInIndex = 0; path = Pods_ZYPictureViewer_Example.framework; sourceTree = BUILT_PRODUCTS_DIR; };
		4A601F5B4357010E3B41A26E /* Pods-ZYPictureViewer_Example.debug.xcconfig */ = {isa = PBXFileReference; includeInIndex = 1; lastKnownFileType = text.xcconfig; name = "Pods-ZYPictureViewer_Example.debug.xcconfig"; path = "Pods/Target Support Files/Pods-ZYPictureViewer_Example/Pods-ZYPictureViewer_Example.debug.xcconfig"; sourceTree = "<group>"; };
		E1E4E66134882C21F9797262 /* Pods-ZYPictureViewer_Example.release.xcconfig */ = {isa = PBXFileReference; includeInIndex = 1; lastKnownFileType = text.xcconfig; name = "Pods-ZYPictureViewer_Example.release.xcconfig"; path = "Pods/Target Support Files/Pods-ZYPictureViewer_Example/Pods-ZYPictureViewer_Example.release.xcconfig"; sourceTree = "<group>"; };
		F0163D90217D7A21000F4E71 /* 8.jpg */ = {isa = PBXFileReference; lastKnownFileType = image.jpeg; path = 8.jpg; sourceTree = "<group>"; };
		F0163D91217D7A21000F4E71 /* 9.jpg */ = {isa = PBXFileReference; lastKnownFileType = image.jpeg; path = 9.jpg; sourceTree = "<group>"; };
		F0163D92217D7A21000F4E71 /* 14.jpg */ = {isa = PBXFileReference; lastKnownFileType = image.jpeg; path = 14.jpg; sourceTree = "<group>"; };
		F0163D93217D7A21000F4E71 /* 15.jpg */ = {isa = PBXFileReference; lastKnownFileType = image.jpeg; path = 15.jpg; sourceTree = "<group>"; };
		F0163D94217D7A21000F4E71 /* 17.jpg */ = {isa = PBXFileReference; lastKnownFileType = image.jpeg; path = 17.jpg; sourceTree = "<group>"; };
		F0163D95217D7A21000F4E71 /* 16.jpg */ = {isa = PBXFileReference; lastKnownFileType = image.jpeg; path = 16.jpg; sourceTree = "<group>"; };
		F0163D96217D7A21000F4E71 /* 12.jpg */ = {isa = PBXFileReference; lastKnownFileType = image.jpeg; path = 12.jpg; sourceTree = "<group>"; };
		F0163D97217D7A21000F4E71 /* 13.jpg */ = {isa = PBXFileReference; lastKnownFileType = image.jpeg; path = 13.jpg; sourceTree = "<group>"; };
		F0163D98217D7A21000F4E71 /* 11.jpg */ = {isa = PBXFileReference; lastKnownFileType = image.jpeg; path = 11.jpg; sourceTree = "<group>"; };
		F0163D99217D7A21000F4E71 /* 10.jpg */ = {isa = PBXFileReference; lastKnownFileType = image.jpeg; path = 10.jpg; sourceTree = "<group>"; };
		F0163D9A217D7A21000F4E71 /* 21.jpg */ = {isa = PBXFileReference; lastKnownFileType = image.jpeg; path = 21.jpg; sourceTree = "<group>"; };
		F0163D9B217D7A21000F4E71 /* 20.jpg */ = {isa = PBXFileReference; lastKnownFileType = image.jpeg; path = 20.jpg; sourceTree = "<group>"; };
		F0163D9C217D7A21000F4E71 /* 18.jpg */ = {isa = PBXFileReference; lastKnownFileType = image.jpeg; path = 18.jpg; sourceTree = "<group>"; };
		F0163D9D217D7A21000F4E71 /* 19.jpg */ = {isa = PBXFileReference; lastKnownFileType = image.jpeg; path = 19.jpg; sourceTree = "<group>"; };
		F0163D9E217D7A21000F4E71 /* 4.jpg */ = {isa = PBXFileReference; lastKnownFileType = image.jpeg; path = 4.jpg; sourceTree = "<group>"; };
		F0163D9F217D7A21000F4E71 /* 5.jpg */ = {isa = PBXFileReference; lastKnownFileType = image.jpeg; path = 5.jpg; sourceTree = "<group>"; };
		F0163DA0217D7A21000F4E71 /* 7.jpg */ = {isa = PBXFileReference; lastKnownFileType = image.jpeg; path = 7.jpg; sourceTree = "<group>"; };
		F0163DA1217D7A21000F4E71 /* 6.jpg */ = {isa = PBXFileReference; lastKnownFileType = image.jpeg; path = 6.jpg; sourceTree = "<group>"; };
		F0163DA2217D7A21000F4E71 /* 2.jpg */ = {isa = PBXFileReference; lastKnownFileType = image.jpeg; path = 2.jpg; sourceTree = "<group>"; };
		F0163DA3217D7A21000F4E71 /* 3.jpg */ = {isa = PBXFileReference; lastKnownFileType = image.jpeg; path = 3.jpg; sourceTree = "<group>"; };
		F0163DA4217D7A21000F4E71 /* 1.jpg */ = {isa = PBXFileReference; lastKnownFileType = image.jpeg; path = 1.jpg; sourceTree = "<group>"; };
		F0163DBB217D7A70000F4E71 /* ZYPictureCell.xib */ = {isa = PBXFileReference; fileEncoding = 4; lastKnownFileType = file.xib; path = ZYPictureCell.xib; sourceTree = "<group>"; };
		F0163DBC217D7A70000F4E71 /* PictureRouter.swift */ = {isa = PBXFileReference; fileEncoding = 4; lastKnownFileType = sourcecode.swift; path = PictureRouter.swift; sourceTree = "<group>"; };
		F0163DBD217D7A70000F4E71 /* ZYLoadBigPictureViewController.swift */ = {isa = PBXFileReference; fileEncoding = 4; lastKnownFileType = sourcecode.swift; path = ZYLoadBigPictureViewController.swift; sourceTree = "<group>"; };
		F0163DBE217D7A70000F4E71 /* ZYPicture.swift */ = {isa = PBXFileReference; fileEncoding = 4; lastKnownFileType = sourcecode.swift; path = ZYPicture.swift; sourceTree = "<group>"; };
		F0163DBF217D7A70000F4E71 /* ZYPictureCell.swift */ = {isa = PBXFileReference; fileEncoding = 4; lastKnownFileType = sourcecode.swift; path = ZYPictureCell.swift; sourceTree = "<group>"; };
		F0163DC6217D7BAC000F4E71 /* LoadLocalPictureViewController.swift */ = {isa = PBXFileReference; lastKnownFileType = sourcecode.swift; path = LoadLocalPictureViewController.swift; sourceTree = "<group>"; };
		F01C7F332174824300A86A91 /* ListCell.xib */ = {isa = PBXFileReference; fileEncoding = 4; lastKnownFileType = file.xib; path = ListCell.xib; sourceTree = "<group>"; };
		F01C7F342174824300A86A91 /* ListCell.swift */ = {isa = PBXFileReference; fileEncoding = 4; lastKnownFileType = sourcecode.swift; path = ListCell.swift; sourceTree = "<group>"; };
		F01C7F352174824300A86A91 /* ThumbPhotoCollectionView.swift */ = {isa = PBXFileReference; fileEncoding = 4; lastKnownFileType = sourcecode.swift; path = ThumbPhotoCollectionView.swift; sourceTree = "<group>"; };
		F01C7F362174824300A86A91 /* ThumbPhotoCell.swift */ = {isa = PBXFileReference; fileEncoding = 4; lastKnownFileType = sourcecode.swift; path = ThumbPhotoCell.swift; sourceTree = "<group>"; };
		F0F0034D20EDF3FA00585D88 /* ZYPictureViewer_Example.app */ = {isa = PBXFileReference; explicitFileType = wrapper.application; includeInIndex = 0; path = ZYPictureViewer_Example.app; sourceTree = BUILT_PRODUCTS_DIR; };
		F0F0035020EDF3FA00585D88 /* AppDelegate.swift */ = {isa = PBXFileReference; lastKnownFileType = sourcecode.swift; path = AppDelegate.swift; sourceTree = "<group>"; };
		F0F0035520EDF3FA00585D88 /* Base */ = {isa = PBXFileReference; lastKnownFileType = file.storyboard; name = Base; path = Base.lproj/Main.storyboard; sourceTree = "<group>"; };
		F0F0035720EDF3FB00585D88 /* Assets.xcassets */ = {isa = PBXFileReference; lastKnownFileType = folder.assetcatalog; path = Assets.xcassets; sourceTree = "<group>"; };
		F0F0035A20EDF3FB00585D88 /* Base */ = {isa = PBXFileReference; lastKnownFileType = file.storyboard; name = Base; path = Base.lproj/LaunchScreen.storyboard; sourceTree = "<group>"; };
		F0F0035C20EDF3FB00585D88 /* Info.plist */ = {isa = PBXFileReference; lastKnownFileType = text.plist.xml; path = Info.plist; sourceTree = "<group>"; };
		F0F0039720EDF66300585D88 /* ViewController.swift */ = {isa = PBXFileReference; fileEncoding = 4; lastKnownFileType = sourcecode.swift; path = ViewController.swift; sourceTree = "<group>"; };
/* End PBXFileReference section */

/* Begin PBXFrameworksBuildPhase section */
		F0F0034A20EDF3FA00585D88 /* Frameworks */ = {
			isa = PBXFrameworksBuildPhase;
			buildActionMask = 2147483647;
			files = (
				F772C9448B6E0C1B5BC53CD2 /* Pods_ZYPictureViewer_Example.framework in Frameworks */,
			);
			runOnlyForDeploymentPostprocessing = 0;
		};
/* End PBXFrameworksBuildPhase section */

/* Begin PBXGroup section */
		8BB43F2444B578C93939FA75 /* Pods */ = {
			isa = PBXGroup;
			children = (
				4A601F5B4357010E3B41A26E /* Pods-ZYPictureViewer_Example.debug.xcconfig */,
				E1E4E66134882C21F9797262 /* Pods-ZYPictureViewer_Example.release.xcconfig */,
			);
			name = Pods;
			sourceTree = "<group>";
		};
		AEDB3281FF2C3E5C5BFD393A /* Frameworks */ = {
			isa = PBXGroup;
			children = (
				386490CAFC8CC3D3BD40ADCA /* Pods_ZYPictureViewer_Example.framework */,
			);
			name = Frameworks;
			sourceTree = "<group>";
		};
		F0163D8F217D7A21000F4E71 /* Images */ = {
			isa = PBXGroup;
			children = (
				F0163D90217D7A21000F4E71 /* 8.jpg */,
				F0163D91217D7A21000F4E71 /* 9.jpg */,
				F0163D92217D7A21000F4E71 /* 14.jpg */,
				F0163D93217D7A21000F4E71 /* 15.jpg */,
				F0163D94217D7A21000F4E71 /* 17.jpg */,
				F0163D95217D7A21000F4E71 /* 16.jpg */,
				F0163D96217D7A21000F4E71 /* 12.jpg */,
				F0163D97217D7A21000F4E71 /* 13.jpg */,
				F0163D98217D7A21000F4E71 /* 11.jpg */,
				F0163D99217D7A21000F4E71 /* 10.jpg */,
				F0163D9A217D7A21000F4E71 /* 21.jpg */,
				F0163D9B217D7A21000F4E71 /* 20.jpg */,
				F0163D9C217D7A21000F4E71 /* 18.jpg */,
				F0163D9D217D7A21000F4E71 /* 19.jpg */,
				F0163D9E217D7A21000F4E71 /* 4.jpg */,
				F0163D9F217D7A21000F4E71 /* 5.jpg */,
				F0163DA0217D7A21000F4E71 /* 7.jpg */,
				F0163DA1217D7A21000F4E71 /* 6.jpg */,
				F0163DA2217D7A21000F4E71 /* 2.jpg */,
				F0163DA3217D7A21000F4E71 /* 3.jpg */,
				F0163DA4217D7A21000F4E71 /* 1.jpg */,
			);
			path = Images;
			sourceTree = "<group>";
		};
		F0163DBA217D7A70000F4E71 /* LoadRemotePicture */ = {
			isa = PBXGroup;
			children = (
				F0163DBC217D7A70000F4E71 /* PictureRouter.swift */,
				F0163DBE217D7A70000F4E71 /* ZYPicture.swift */,
				F0163DBF217D7A70000F4E71 /* ZYPictureCell.swift */,
				F0163DBB217D7A70000F4E71 /* ZYPictureCell.xib */,
				F0163DBD217D7A70000F4E71 /* ZYLoadBigPictureViewController.swift */,
			);
			path = LoadRemotePicture;
			sourceTree = "<group>";
		};
		F0163DC5217D7B33000F4E71 /* LoadLocalPicture */ = {
			isa = PBXGroup;
			children = (
				F0163DC6217D7BAC000F4E71 /* LoadLocalPictureViewController.swift */,
				F01C7F342174824300A86A91 /* ListCell.swift */,
				F01C7F332174824300A86A91 /* ListCell.xib */,
				F01C7F362174824300A86A91 /* ThumbPhotoCell.swift */,
				F01C7F352174824300A86A91 /* ThumbPhotoCollectionView.swift */,
			);
			path = LoadLocalPicture;
			sourceTree = "<group>";
		};
		F0F0034420EDF3FA00585D88 = {
			isa = PBXGroup;
			children = (
				F0F0034F20EDF3FA00585D88 /* ZYPictureViewer */,
				F0F0034E20EDF3FA00585D88 /* Products */,
				8BB43F2444B578C93939FA75 /* Pods */,
				AEDB3281FF2C3E5C5BFD393A /* Frameworks */,
			);
			sourceTree = "<group>";
		};
		F0F0034E20EDF3FA00585D88 /* Products */ = {
			isa = PBXGroup;
			children = (
				F0F0034D20EDF3FA00585D88 /* ZYPictureViewer_Example.app */,
			);
			name = Products;
			sourceTree = "<group>";
		};
		F0F0034F20EDF3FA00585D88 /* ZYPictureViewer */ = {
			isa = PBXGroup;
			children = (
				F0F0035020EDF3FA00585D88 /* AppDelegate.swift */,
				F0F0039720EDF66300585D88 /* ViewController.swift */,
				F0163DC5217D7B33000F4E71 /* LoadLocalPicture */,
				F0163DBA217D7A70000F4E71 /* LoadRemotePicture */,
				F0F0035420EDF3FA00585D88 /* Main.storyboard */,
				F0F0035720EDF3FB00585D88 /* Assets.xcassets */,
				F0163D8F217D7A21000F4E71 /* Images */,
				F0F0035920EDF3FB00585D88 /* LaunchScreen.storyboard */,
				F0F0035C20EDF3FB00585D88 /* Info.plist */,
			);
			path = ZYPictureViewer;
			sourceTree = "<group>";
		};
/* End PBXGroup section */

/* Begin PBXNativeTarget section */
		F0F0034C20EDF3FA00585D88 /* ZYPictureViewer_Example */ = {
			isa = PBXNativeTarget;
			buildConfigurationList = F0F0035F20EDF3FB00585D88 /* Build configuration list for PBXNativeTarget "ZYPictureViewer_Example" */;
			buildPhases = (
				6147A40A43C1216193F459B4 /* [CP] Check Pods Manifest.lock */,
				F0F0034920EDF3FA00585D88 /* Sources */,
				F0F0034A20EDF3FA00585D88 /* Frameworks */,
				F0F0034B20EDF3FA00585D88 /* Resources */,
				91868F04CC6D236A01609987 /* [CP] Embed Pods Frameworks */,
			);
			buildRules = (
			);
			dependencies = (
			);
			name = ZYPictureViewer_Example;
			productName = ZYPictureViewer;
			productReference = F0F0034D20EDF3FA00585D88 /* ZYPictureViewer_Example.app */;
			productType = "com.apple.product-type.application";
		};
/* End PBXNativeTarget section */

/* Begin PBXProject section */
		F0F0034520EDF3FA00585D88 /* Project object */ = {
			isa = PBXProject;
			attributes = {
				LastSwiftUpdateCheck = 0940;
				LastUpgradeCheck = 0940;
				ORGANIZATIONNAME = "朱欣旺";
				TargetAttributes = {
					F0F0034C20EDF3FA00585D88 = {
						CreatedOnToolsVersion = 9.4.1;
					};
				};
			};
			buildConfigurationList = F0F0034820EDF3FA00585D88 /* Build configuration list for PBXProject "ZYPictureViewer" */;
			compatibilityVersion = "Xcode 9.3";
			developmentRegion = en;
			hasScannedForEncodings = 0;
			knownRegions = (
				en,
				Base,
			);
			mainGroup = F0F0034420EDF3FA00585D88;
			productRefGroup = F0F0034E20EDF3FA00585D88 /* Products */;
			projectDirPath = "";
			projectRoot = "";
			targets = (
				F0F0034C20EDF3FA00585D88 /* ZYPictureViewer_Example */,
			);
		};
/* End PBXProject section */

/* Begin PBXResourcesBuildPhase section */
		F0F0034B20EDF3FA00585D88 /* Resources */ = {
			isa = PBXResourcesBuildPhase;
			buildActionMask = 2147483647;
			files = (
				F0163DB8217D7A21000F4E71 /* 3.jpg in Resources */,
				F0F0035B20EDF3FB00585D88 /* LaunchScreen.storyboard in Resources */,
				F0163DB5217D7A21000F4E71 /* 7.jpg in Resources */,
				F01C7F372174824300A86A91 /* ListCell.xib in Resources */,
				F0163DB6217D7A21000F4E71 /* 6.jpg in Resources */,
				F0163DB4217D7A21000F4E71 /* 5.jpg in Resources */,
				F0163DAA217D7A21000F4E71 /* 16.jpg in Resources */,
				F0163DB3217D7A21000F4E71 /* 4.jpg in Resources */,
				F0163DA7217D7A21000F4E71 /* 14.jpg in Resources */,
				F0163DB2217D7A21000F4E71 /* 19.jpg in Resources */,
				F0163DA8217D7A21000F4E71 /* 15.jpg in Resources */,
				F0163DAE217D7A21000F4E71 /* 10.jpg in Resources */,
				F0163DAF217D7A21000F4E71 /* 21.jpg in Resources */,
				F0163DB7217D7A21000F4E71 /* 2.jpg in Resources */,
				F0F0035820EDF3FB00585D88 /* Assets.xcassets in Resources */,
				F0163DAC217D7A21000F4E71 /* 13.jpg in Resources */,
				F0163DA9217D7A21000F4E71 /* 17.jpg in Resources */,
				F0163DB0217D7A21000F4E71 /* 20.jpg in Resources */,
				F0F0035620EDF3FA00585D88 /* Main.storyboard in Resources */,
				F0163DA6217D7A21000F4E71 /* 9.jpg in Resources */,
				F0163DA5217D7A21000F4E71 /* 8.jpg in Resources */,
				F0163DC0217D7A70000F4E71 /* ZYPictureCell.xib in Resources */,
				F0163DAB217D7A21000F4E71 /* 12.jpg in Resources */,
				F0163DB9217D7A21000F4E71 /* 1.jpg in Resources */,
				F0163DB1217D7A21000F4E71 /* 18.jpg in Resources */,
				F0163DAD217D7A21000F4E71 /* 11.jpg in Resources */,
			);
			runOnlyForDeploymentPostprocessing = 0;
		};
/* End PBXResourcesBuildPhase section */

/* Begin PBXShellScriptBuildPhase section */
		6147A40A43C1216193F459B4 /* [CP] Check Pods Manifest.lock */ = {
			isa = PBXShellScriptBuildPhase;
			buildActionMask = 2147483647;
			files = (
			);
			inputPaths = (
				"${PODS_PODFILE_DIR_PATH}/Podfile.lock",
				"${PODS_ROOT}/Manifest.lock",
			);
			name = "[CP] Check Pods Manifest.lock";
			outputPaths = (
				"$(DERIVED_FILE_DIR)/Pods-ZYPictureViewer_Example-checkManifestLockResult.txt",
			);
			runOnlyForDeploymentPostprocessing = 0;
			shellPath = /bin/sh;
			shellScript = "diff \"${PODS_PODFILE_DIR_PATH}/Podfile.lock\" \"${PODS_ROOT}/Manifest.lock\" > /dev/null\nif [ $? != 0 ] ; then\n    # print error to STDERR\n    echo \"error: The sandbox is not in sync with the Podfile.lock. Run 'pod install' or update your CocoaPods installation.\" >&2\n    exit 1\nfi\n# This output is used by Xcode 'outputs' to avoid re-running this script phase.\necho \"SUCCESS\" > \"${SCRIPT_OUTPUT_FILE_0}\"\n";
			showEnvVarsInLog = 0;
		};
		91868F04CC6D236A01609987 /* [CP] Embed Pods Frameworks */ = {
			isa = PBXShellScriptBuildPhase;
			buildActionMask = 2147483647;
			files = (
			);
			inputPaths = (
				"${SRCROOT}/Pods/Target Support Files/Pods-ZYPictureViewer_Example/Pods-ZYPictureViewer_Example-frameworks.sh",
				"${BUILT_PRODUCTS_DIR}/Alamofire/Alamofire.framework",
				"${BUILT_PRODUCTS_DIR}/HandyJSON/HandyJSON.framework",
				"${BUILT_PRODUCTS_DIR}/MJRefresh/MJRefresh.framework",
				"${BUILT_PRODUCTS_DIR}/SDWebImage/SDWebImage.framework",
				"${BUILT_PRODUCTS_DIR}/SQLiteRepairKit/sqliterk.framework",
				"${BUILT_PRODUCTS_DIR}/WCDB.swift/WCDBSwift.framework",
				"${BUILT_PRODUCTS_DIR}/WCDBOptimizedSQLCipher/sqlcipher.framework",
				"${BUILT_PRODUCTS_DIR}/ZYPictureViewer/ZYPictureViewer.framework",
			);
			name = "[CP] Embed Pods Frameworks";
			outputPaths = (
				"${TARGET_BUILD_DIR}/${FRAMEWORKS_FOLDER_PATH}/Alamofire.framework",
				"${TARGET_BUILD_DIR}/${FRAMEWORKS_FOLDER_PATH}/HandyJSON.framework",
				"${TARGET_BUILD_DIR}/${FRAMEWORKS_FOLDER_PATH}/MJRefresh.framework",
				"${TARGET_BUILD_DIR}/${FRAMEWORKS_FOLDER_PATH}/SDWebImage.framework",
				"${TARGET_BUILD_DIR}/${FRAMEWORKS_FOLDER_PATH}/sqliterk.framework",
				"${TARGET_BUILD_DIR}/${FRAMEWORKS_FOLDER_PATH}/WCDBSwift.framework",
				"${TARGET_BUILD_DIR}/${FRAMEWORKS_FOLDER_PATH}/sqlcipher.framework",
				"${TARGET_BUILD_DIR}/${FRAMEWORKS_FOLDER_PATH}/ZYPictureViewer.framework",
			);
			runOnlyForDeploymentPostprocessing = 0;
			shellPath = /bin/sh;
			shellScript = "\"${SRCROOT}/Pods/Target Support Files/Pods-ZYPictureViewer_Example/Pods-ZYPictureViewer_Example-frameworks.sh\"\n";
			showEnvVarsInLog = 0;
		};
/* End PBXShellScriptBuildPhase section */

/* Begin PBXSourcesBuildPhase section */
		F0F0034920EDF3FA00585D88 /* Sources */ = {
			isa = PBXSourcesBuildPhase;
			buildActionMask = 2147483647;
			files = (
				F0163DC4217D7A70000F4E71 /* ZYPictureCell.swift in Sources */,
				F0163DC2217D7A70000F4E71 /* ZYLoadBigPictureViewController.swift in Sources */,
				F0163DC3217D7A70000F4E71 /* ZYPicture.swift in Sources */,
				F0163DC7217D7BAC000F4E71 /* LoadLocalPictureViewController.swift in Sources */,
				F0F0039820EDF66300585D88 /* ViewController.swift in Sources */,
				F0163DC1217D7A70000F4E71 /* PictureRouter.swift in Sources */,
				F01C7F3A2174824300A86A91 /* ThumbPhotoCell.swift in Sources */,
				F01C7F392174824300A86A91 /* ThumbPhotoCollectionView.swift in Sources */,
				F01C7F382174824300A86A91 /* ListCell.swift in Sources */,
				F0F0035120EDF3FA00585D88 /* AppDelegate.swift in Sources */,
			);
			runOnlyForDeploymentPostprocessing = 0;
		};
/* End PBXSourcesBuildPhase section */

/* Begin PBXVariantGroup section */
		F0F0035420EDF3FA00585D88 /* Main.storyboard */ = {
			isa = PBXVariantGroup;
			children = (
				F0F0035520EDF3FA00585D88 /* Base */,
			);
			name = Main.storyboard;
			sourceTree = "<group>";
		};
		F0F0035920EDF3FB00585D88 /* LaunchScreen.storyboard */ = {
			isa = PBXVariantGroup;
			children = (
				F0F0035A20EDF3FB00585D88 /* Base */,
			);
			name = LaunchScreen.storyboard;
			sourceTree = "<group>";
		};
/* End PBXVariantGroup section */

/* Begin XCBuildConfiguration section */
		F0F0035D20EDF3FB00585D88 /* Debug */ = {
			isa = XCBuildConfiguration;
			buildSettings = {
				ALWAYS_SEARCH_USER_PATHS = NO;
				CLANG_ANALYZER_NONNULL = YES;
				CLANG_ANALYZER_NUMBER_OBJECT_CONVERSION = YES_AGGRESSIVE;
				CLANG_CXX_LANGUAGE_STANDARD = "gnu++14";
				CLANG_CXX_LIBRARY = "libc++";
				CLANG_ENABLE_MODULES = YES;
				CLANG_ENABLE_OBJC_ARC = YES;
				CLANG_ENABLE_OBJC_WEAK = YES;
				CLANG_WARN_BLOCK_CAPTURE_AUTORELEASING = YES;
				CLANG_WARN_BOOL_CONVERSION = YES;
				CLANG_WARN_COMMA = YES;
				CLANG_WARN_CONSTANT_CONVERSION = YES;
				CLANG_WARN_DEPRECATED_OBJC_IMPLEMENTATIONS = YES;
				CLANG_WARN_DIRECT_OBJC_ISA_USAGE = YES_ERROR;
				CLANG_WARN_DOCUMENTATION_COMMENTS = YES;
				CLANG_WARN_EMPTY_BODY = YES;
				CLANG_WARN_ENUM_CONVERSION = YES;
				CLANG_WARN_INFINITE_RECURSION = YES;
				CLANG_WARN_INT_CONVERSION = YES;
				CLANG_WARN_NON_LITERAL_NULL_CONVERSION = YES;
				CLANG_WARN_OBJC_IMPLICIT_RETAIN_SELF = YES;
				CLANG_WARN_OBJC_LITERAL_CONVERSION = YES;
				CLANG_WARN_OBJC_ROOT_CLASS = YES_ERROR;
				CLANG_WARN_RANGE_LOOP_ANALYSIS = YES;
				CLANG_WARN_STRICT_PROTOTYPES = YES;
				CLANG_WARN_SUSPICIOUS_MOVE = YES;
				CLANG_WARN_UNGUARDED_AVAILABILITY = YES_AGGRESSIVE;
				CLANG_WARN_UNREACHABLE_CODE = YES;
				CLANG_WARN__DUPLICATE_METHOD_MATCH = YES;
				CODE_SIGN_IDENTITY = "iPhone Developer";
				COPY_PHASE_STRIP = NO;
				DEBUG_INFORMATION_FORMAT = dwarf;
				ENABLE_STRICT_OBJC_MSGSEND = YES;
				ENABLE_TESTABILITY = YES;
				GCC_C_LANGUAGE_STANDARD = gnu11;
				GCC_DYNAMIC_NO_PIC = NO;
				GCC_NO_COMMON_BLOCKS = YES;
				GCC_OPTIMIZATION_LEVEL = 0;
				GCC_PREPROCESSOR_DEFINITIONS = (
					"DEBUG=1",
					"$(inherited)",
				);
				GCC_WARN_64_TO_32_BIT_CONVERSION = YES;
				GCC_WARN_ABOUT_RETURN_TYPE = YES_ERROR;
				GCC_WARN_UNDECLARED_SELECTOR = YES;
				GCC_WARN_UNINITIALIZED_AUTOS = YES_AGGRESSIVE;
				GCC_WARN_UNUSED_FUNCTION = YES;
				GCC_WARN_UNUSED_VARIABLE = YES;
				IPHONEOS_DEPLOYMENT_TARGET = 11.4;
				MTL_ENABLE_DEBUG_INFO = YES;
				ONLY_ACTIVE_ARCH = YES;
				SDKROOT = iphoneos;
				SWIFT_ACTIVE_COMPILATION_CONDITIONS = DEBUG;
				SWIFT_OPTIMIZATION_LEVEL = "-Onone";
			};
			name = Debug;
		};
		F0F0035E20EDF3FB00585D88 /* Release */ = {
			isa = XCBuildConfiguration;
			buildSettings = {
				ALWAYS_SEARCH_USER_PATHS = NO;
				CLANG_ANALYZER_NONNULL = YES;
				CLANG_ANALYZER_NUMBER_OBJECT_CONVERSION = YES_AGGRESSIVE;
				CLANG_CXX_LANGUAGE_STANDARD = "gnu++14";
				CLANG_CXX_LIBRARY = "libc++";
				CLANG_ENABLE_MODULES = YES;
				CLANG_ENABLE_OBJC_ARC = YES;
				CLANG_ENABLE_OBJC_WEAK = YES;
				CLANG_WARN_BLOCK_CAPTURE_AUTORELEASING = YES;
				CLANG_WARN_BOOL_CONVERSION = YES;
				CLANG_WARN_COMMA = YES;
				CLANG_WARN_CONSTANT_CONVERSION = YES;
				CLANG_WARN_DEPRECATED_OBJC_IMPLEMENTATIONS = YES;
				CLANG_WARN_DIRECT_OBJC_ISA_USAGE = YES_ERROR;
				CLANG_WARN_DOCUMENTATION_COMMENTS = YES;
				CLANG_WARN_EMPTY_BODY = YES;
				CLANG_WARN_ENUM_CONVERSION = YES;
				CLANG_WARN_INFINITE_RECURSION = YES;
				CLANG_WARN_INT_CONVERSION = YES;
				CLANG_WARN_NON_LITERAL_NULL_CONVERSION = YES;
				CLANG_WARN_OBJC_IMPLICIT_RETAIN_SELF = YES;
				CLANG_WARN_OBJC_LITERAL_CONVERSION = YES;
				CLANG_WARN_OBJC_ROOT_CLASS = YES_ERROR;
				CLANG_WARN_RANGE_LOOP_ANALYSIS = YES;
				CLANG_WARN_STRICT_PROTOTYPES = YES;
				CLANG_WARN_SUSPICIOUS_MOVE = YES;
				CLANG_WARN_UNGUARDED_AVAILABILITY = YES_AGGRESSIVE;
				CLANG_WARN_UNREACHABLE_CODE = YES;
				CLANG_WARN__DUPLICATE_METHOD_MATCH = YES;
				CODE_SIGN_IDENTITY = "iPhone Developer";
				COPY_PHASE_STRIP = NO;
				DEBUG_INFORMATION_FORMAT = "dwarf-with-dsym";
				ENABLE_NS_ASSERTIONS = NO;
				ENABLE_STRICT_OBJC_MSGSEND = YES;
				GCC_C_LANGUAGE_STANDARD = gnu11;
				GCC_NO_COMMON_BLOCKS = YES;
				GCC_WARN_64_TO_32_BIT_CONVERSION = YES;
				GCC_WARN_ABOUT_RETURN_TYPE = YES_ERROR;
				GCC_WARN_UNDECLARED_SELECTOR = YES;
				GCC_WARN_UNINITIALIZED_AUTOS = YES_AGGRESSIVE;
				GCC_WARN_UNUSED_FUNCTION = YES;
				GCC_WARN_UNUSED_VARIABLE = YES;
				IPHONEOS_DEPLOYMENT_TARGET = 11.4;
				MTL_ENABLE_DEBUG_INFO = NO;
				SDKROOT = iphoneos;
				SWIFT_COMPILATION_MODE = wholemodule;
				SWIFT_OPTIMIZATION_LEVEL = "-O";
				VALIDATE_PRODUCT = YES;
			};
			name = Release;
		};
		F0F0036020EDF3FB00585D88 /* Debug */ = {
			isa = XCBuildConfiguration;
			baseConfigurationReference = 4A601F5B4357010E3B41A26E /* Pods-ZYPictureViewer_Example.debug.xcconfig */;
			buildSettings = {
				ASSETCATALOG_COMPILER_APPICON_NAME = AppIcon;
				CODE_SIGN_STYLE = Automatic;
				DEVELOPMENT_TEAM = L8U2X9926F;
				INFOPLIST_FILE = ZYPictureViewer/Info.plist;
				IPHONEOS_DEPLOYMENT_TARGET = 8.0;
				LD_RUNPATH_SEARCH_PATHS = (
					"$(inherited)",
					"@executable_path/Frameworks",
				);
				PRODUCT_BUNDLE_IDENTIFIER = "org.cocoapods.demo.ZYPictureViewer-Example";
				PRODUCT_NAME = "$(TARGET_NAME)";
				SWIFT_VERSION = 4.0;
				TARGETED_DEVICE_FAMILY = 1;
			};
			name = Debug;
		};
		F0F0036120EDF3FB00585D88 /* Release */ = {
			isa = XCBuildConfiguration;
			baseConfigurationReference = E1E4E66134882C21F9797262 /* Pods-ZYPictureViewer_Example.release.xcconfig */;
			buildSettings = {
				ASSETCATALOG_COMPILER_APPICON_NAME = AppIcon;
				CODE_SIGN_STYLE = Automatic;
				DEVELOPMENT_TEAM = L8U2X9926F;
				INFOPLIST_FILE = ZYPictureViewer/Info.plist;
				IPHONEOS_DEPLOYMENT_TARGET = 8.0;
				LD_RUNPATH_SEARCH_PATHS = (
					"$(inherited)",
					"@executable_path/Frameworks",
				);
				PRODUCT_BUNDLE_IDENTIFIER = "org.cocoapods.demo.ZYPictureViewer-Example";
				PRODUCT_NAME = "$(TARGET_NAME)";
				SWIFT_VERSION = 4.0;
				TARGETED_DEVICE_FAMILY = 1;
			};
			name = Release;
		};
/* End XCBuildConfiguration section */

/* Begin XCConfigurationList section */
		F0F0034820EDF3FA00585D88 /* Build configuration list for PBXProject "ZYPictureViewer" */ = {
			isa = XCConfigurationList;
			buildConfigurations = (
				F0F0035D20EDF3FB00585D88 /* Debug */,
				F0F0035E20EDF3FB00585D88 /* Release */,
			);
			defaultConfigurationIsVisible = 0;
			defaultConfigurationName = Release;
		};
		F0F0035F20EDF3FB00585D88 /* Build configuration list for PBXNativeTarget "ZYPictureViewer_Example" */ = {
			isa = XCConfigurationList;
			buildConfigurations = (
				F0F0036020EDF3FB00585D88 /* Debug */,
				F0F0036120EDF3FB00585D88 /* Release */,
			);
			defaultConfigurationIsVisible = 0;
			defaultConfigurationName = Release;
		};
/* End XCConfigurationList section */
	};
	rootObject = F0F0034520EDF3FA00585D88 /* Project object */;
}
